
Microsoft Visual Studio Solution File, Format Version 12.00
# Visual Studio Version 17
VisualStudioVersion = 17.14.36616.10 d17.14
MinimumVisualStudioVersion = 10.0.40219.1
Project("{FAE04EC0-301F-11D3-BF4B-00C04F79EFBC}") = "CLIWEB_CONUNI_GR08", "CLIWEB_CONUNI_GR08.csproj", "{72449539-A281-4FAC-8D3A-048396953DBA}"
EndProject
Global
	GlobalSection(SolutionConfigurationPlatforms) = preSolution
		Debug|Any CPU = Debug|Any CPU
		Release|Any CPU = Release|Any CPU
	EndGlobalSection
	GlobalSection(ProjectConfigurationPlatforms) = postSolution
		{72449539-A281-4FAC-8D3A-048396953DBA}.Debug|Any CPU.ActiveCfg = Debug|Any CPU
		{72449539-A281-4FAC-8D3A-048396953DBA}.Debug|Any CPU.Build.0 = Debug|Any CPU
		{72449539-A281-4FAC-8D3A-048396953DBA}.Release|Any CPU.ActiveCfg = Release|Any CPU
		{72449539-A281-4FAC-8D3A-048396953DBA}.Release|Any CPU.Build.0 = Release|Any CPU
	EndGlobalSection
	GlobalSection(SolutionProperties) = preSolution
		HideSolutionNode = FALSE
	EndGlobalSection
	GlobalSection(ExtensibilityGlobals) = postSolution
		SolutionGuid = {2C08EE49-DD1A-43F1-82E1-AB9AC1B3AAAC}
	EndGlobalSection
EndGlobal
