
Microsoft Visual Studio Solution File, Format Version 12.00
# Visual Studio Version 17
VisualStudioVersion = 17.14.36518.9 d17.14
MinimumVisualStudioVersion = 10.0.40219.1
Project("{FAE04EC0-301F-11D3-BF4B-00C04F79EFBC}") = "CLICON_GR08", "CLICON_GR08\CLICON_GR08.csproj", "{F71D0424-0F6E-4953-BA18-E50CE7E1AB5B}"
EndProject
Global
	GlobalSection(SolutionConfigurationPlatforms) = preSolution
		Debug|Any CPU = Debug|Any CPU
		Release|Any CPU = Release|Any CPU
	EndGlobalSection
	GlobalSection(ProjectConfigurationPlatforms) = postSolution
		{F71D0424-0F6E-4953-BA18-E50CE7E1AB5B}.Debug|Any CPU.ActiveCfg = Debug|Any CPU
		{F71D0424-0F6E-4953-BA18-E50CE7E1AB5B}.Debug|Any CPU.Build.0 = Debug|Any CPU
		{F71D0424-0F6E-4953-BA18-E50CE7E1AB5B}.Release|Any CPU.ActiveCfg = Release|Any CPU
		{F71D0424-0F6E-4953-BA18-E50CE7E1AB5B}.Release|Any CPU.Build.0 = Release|Any CPU
	EndGlobalSection
	GlobalSection(SolutionProperties) = preSolution
		HideSolutionNode = FALSE
	EndGlobalSection
	GlobalSection(ExtensibilityGlobals) = postSolution
		SolutionGuid = {814AE8FD-E0D2-4339-9719-94AD28D05E6A}
	EndGlobalSection
EndGlobal
